// !$*UTF8*$!
{
	archiveVersion = 1;
	classes = {
	};
	objectVersion = 56;
	objects = {

/* Begin PBXBuildFile section */
		5E175E832BE22A5E00175B92 /* HomeView.swift in Sources */ = {isa = PBXBuildFile; fileRef = 5E175E822BE22A5E00175B92 /* HomeView.swift */; };
		5E175E852BE22A7200175B92 /* HomeViewModel.swift in Sources */ = {isa = PBXBuildFile; fileRef = 5E175E842BE22A7200175B92 /* HomeViewModel.swift */; };
		5E175E8A2BE22FA300175B92 /* AudioManager.swift in Sources */ = {isa = PBXBuildFile; fileRef = 5E175E892BE22FA300175B92 /* AudioManager.swift */; };
		5E175E8C2BE2306900175B92 /* track1.mp3 in Resources */ = {isa = PBXBuildFile; fileRef = 5E175E8B2BE2306900175B92 /* track1.mp3 */; };
		5E175E902BE2397C00175B92 /* GameView.swift in Sources */ = {isa = PBXBuildFile; fileRef = 5E175E8F2BE2397C00175B92 /* GameView.swift */; };
		5E175E922BE2398900175B92 /* GameViewModel.swift in Sources */ = {isa = PBXBuildFile; fileRef = 5E175E912BE2398900175B92 /* GameViewModel.swift */; };
		5E175E992BE244C400175B92 /* AudioViewModel.swift in Sources */ = {isa = PBXBuildFile; fileRef = 5E175E982BE244C400175B92 /* AudioViewModel.swift */; };
		5E175E9B2BE2481E00175B92 /* CharacterObjView.swift in Sources */ = {isa = PBXBuildFile; fileRef = 5E175E9A2BE2481E00175B92 /* CharacterObjView.swift */; };
		5E175E9D2BE249BF00175B92 /* FallingItemsView.swift in Sources */ = {isa = PBXBuildFile; fileRef = 5E175E9C2BE249BF00175B92 /* FallingItemsView.swift */; };
		5E175EA32BE256C800175B92 /* FallingItem.swift in Sources */ = {isa = PBXBuildFile; fileRef = 5E175EA22BE256C800175B92 /* FallingItem.swift */; };
		5E20330F2BDE61E8006E1CA5 /* MelodyPawsApp.swift in Sources */ = {isa = PBXBuildFile; fileRef = 5E20330E2BDE61E8006E1CA5 /* MelodyPawsApp.swift */; };
		5E2033112BDE61E8006E1CA5 /* MainView.swift in Sources */ = {isa = PBXBuildFile; fileRef = 5E2033102BDE61E8006E1CA5 /* MainView.swift */; };
		5E2033132BDE61EB006E1CA5 /* Assets.xcassets in Resources */ = {isa = PBXBuildFile; fileRef = 5E2033122BDE61EB006E1CA5 /* Assets.xcassets */; };
		5E2033162BDE61EB006E1CA5 /* Preview Assets.xcassets in Resources */ = {isa = PBXBuildFile; fileRef = 5E2033152BDE61EB006E1CA5 /* Preview Assets.xcassets */; };
		5EC8999D2BE3881B00DB0EDA /* FirebaseAnalytics in Frameworks */ = {isa = PBXBuildFile; productRef = 5EC8999C2BE3881B00DB0EDA /* FirebaseAnalytics */; };
		5EC8999F2BE3881B00DB0EDA /* FirebaseAnalyticsOnDeviceConversion in Frameworks */ = {isa = PBXBuildFile; productRef = 5EC8999E2BE3881B00DB0EDA /* FirebaseAnalyticsOnDeviceConversion */; };
		5EC899A12BE3881B00DB0EDA /* FirebaseAnalyticsSwift in Frameworks */ = {isa = PBXBuildFile; productRef = 5EC899A02BE3881B00DB0EDA /* FirebaseAnalyticsSwift */; };
		5EC899A32BE3881B00DB0EDA /* FirebaseAnalyticsWithoutAdIdSupport in Frameworks */ = {isa = PBXBuildFile; productRef = 5EC899A22BE3881B00DB0EDA /* FirebaseAnalyticsWithoutAdIdSupport */; };
		5EC899A52BE3881B00DB0EDA /* FirebaseAppCheck in Frameworks */ = {isa = PBXBuildFile; productRef = 5EC899A42BE3881B00DB0EDA /* FirebaseAppCheck */; };
		5EC899A82BE3885C00DB0EDA /* FirebaseAnalytics in Frameworks */ = {isa = PBXBuildFile; productRef = 5EC899A72BE3885C00DB0EDA /* FirebaseAnalytics */; };
		5EC899AA2BE3885C00DB0EDA /* FirebaseAnalyticsOnDeviceConversion in Frameworks */ = {isa = PBXBuildFile; productRef = 5EC899A92BE3885C00DB0EDA /* FirebaseAnalyticsOnDeviceConversion */; };
		5EC899AC2BE3885C00DB0EDA /* FirebaseAnalyticsSwift in Frameworks */ = {isa = PBXBuildFile; productRef = 5EC899AB2BE3885C00DB0EDA /* FirebaseAnalyticsSwift */; };
		5EC899AE2BE3885C00DB0EDA /* FirebaseAnalyticsWithoutAdIdSupport in Frameworks */ = {isa = PBXBuildFile; productRef = 5EC899AD2BE3885C00DB0EDA /* FirebaseAnalyticsWithoutAdIdSupport */; };
		5EC899B02BE3885C00DB0EDA /* FirebaseAppCheck in Frameworks */ = {isa = PBXBuildFile; productRef = 5EC899AF2BE3885C00DB0EDA /* FirebaseAppCheck */; };
		5EC899B22BE3896600DB0EDA /* FirebaseAuth in Frameworks */ = {isa = PBXBuildFile; productRef = 5EC899B12BE3896600DB0EDA /* FirebaseAuth */; };
		5EC899B42BE3898500DB0EDA /* FirebaseFirestoreSwift in Frameworks */ = {isa = PBXBuildFile; productRef = 5EC899B32BE3898500DB0EDA /* FirebaseFirestoreSwift */; };
		5EC899B62BE3898F00DB0EDA /* FirebaseFirestoreCombine-Community in Frameworks */ = {isa = PBXBuildFile; productRef = 5EC899B52BE3898F00DB0EDA /* FirebaseFirestoreCombine-Community */; };
		5EC899B82BE3899800DB0EDA /* FirebaseFirestore in Frameworks */ = {isa = PBXBuildFile; productRef = 5EC899B72BE3899800DB0EDA /* FirebaseFirestore */; };
		5EC899BA2BE38AEE00DB0EDA /* CharacterObj.swift in Sources */ = {isa = PBXBuildFile; fileRef = 5EC899B92BE38AEE00DB0EDA /* CharacterObj.swift */; };
		5EF7FC2A2BE1780B00399757 /* GoogleService-Info.plist in Resources */ = {isa = PBXBuildFile; fileRef = 5EF7FC292BE1780B00399757 /* GoogleService-Info.plist */; };
		5EF7FC2C2BE1786800399757 /* Extension.swift in Sources */ = {isa = PBXBuildFile; fileRef = 5EF7FC2B2BE1786800399757 /* Extension.swift */; };
		5EF7FC4E2BE178E000399757 /* MainViewModel.swift in Sources */ = {isa = PBXBuildFile; fileRef = 5EF7FC4D2BE178DF00399757 /* MainViewModel.swift */; };
		5EF7FC502BE178F200399757 /* LoginView.swift in Sources */ = {isa = PBXBuildFile; fileRef = 5EF7FC4F2BE178F200399757 /* LoginView.swift */; };
		5EF7FC522BE1790E00399757 /* ProfileView.swift in Sources */ = {isa = PBXBuildFile; fileRef = 5EF7FC512BE1790E00399757 /* ProfileView.swift */; };
		5EF7FC542BE1793000399757 /* RegisterView.swift in Sources */ = {isa = PBXBuildFile; fileRef = 5EF7FC532BE1793000399757 /* RegisterView.swift */; };
		5EF7FC562BE1796700399757 /* LoginViewModel.swift in Sources */ = {isa = PBXBuildFile; fileRef = 5EF7FC552BE1796700399757 /* LoginViewModel.swift */; };
		5EF7FC582BE1797C00399757 /* RegisterViewModel.swift in Sources */ = {isa = PBXBuildFile; fileRef = 5EF7FC572BE1797C00399757 /* RegisterViewModel.swift */; };
		5EF7FC5A2BE1798700399757 /* ProfileViewModel.swift in Sources */ = {isa = PBXBuildFile; fileRef = 5EF7FC592BE1798700399757 /* ProfileViewModel.swift */; };
		5EF7FC5C2BE179BE00399757 /* TLButton.swift in Sources */ = {isa = PBXBuildFile; fileRef = 5EF7FC5B2BE179BE00399757 /* TLButton.swift */; };
		5EF7FC5E2BE17AF200399757 /* User.swift in Sources */ = {isa = PBXBuildFile; fileRef = 5EF7FC5D2BE17AF200399757 /* User.swift */; };
		CD9FA3D72BE3BC2B006EDE5E /* Wardrobe.swift in Sources */ = {isa = PBXBuildFile; fileRef = CD9FA3D62BE3BC2B006EDE5E /* Wardrobe.swift */; };
		CDDBA0742BE24AC900C8DB75 /* changePasswordView.swift in Sources */ = {isa = PBXBuildFile; fileRef = CDDBA0732BE24AC900C8DB75 /* changePasswordView.swift */; };
		CDDBA0762BE24AE000C8DB75 /* changePasswordViewModel.swift in Sources */ = {isa = PBXBuildFile; fileRef = CDDBA0752BE24AE000C8DB75 /* changePasswordViewModel.swift */; };
		CDDBA07C2BE2CB6400C8DB75 /* settingsView.swift in Sources */ = {isa = PBXBuildFile; fileRef = CDDBA07B2BE2CB6400C8DB75 /* settingsView.swift */; };
/* End PBXBuildFile section */

/* Begin PBXFileReference section */
		5E175E822BE22A5E00175B92 /* HomeView.swift */ = {isa = PBXFileReference; lastKnownFileType = sourcecode.swift; path = HomeView.swift; sourceTree = "<group>"; };
		5E175E842BE22A7200175B92 /* HomeViewModel.swift */ = {isa = PBXFileReference; lastKnownFileType = sourcecode.swift; path = HomeViewModel.swift; sourceTree = "<group>"; };
		5E175E892BE22FA300175B92 /* AudioManager.swift */ = {isa = PBXFileReference; lastKnownFileType = sourcecode.swift; path = AudioManager.swift; sourceTree = "<group>"; };
		5E175E8B2BE2306900175B92 /* track1.mp3 */ = {isa = PBXFileReference; lastKnownFileType = audio.mp3; path = track1.mp3; sourceTree = "<group>"; };
		5E175E8F2BE2397C00175B92 /* GameView.swift */ = {isa = PBXFileReference; lastKnownFileType = sourcecode.swift; path = GameView.swift; sourceTree = "<group>"; };
		5E175E912BE2398900175B92 /* GameViewModel.swift */ = {isa = PBXFileReference; lastKnownFileType = sourcecode.swift; path = GameViewModel.swift; sourceTree = "<group>"; };
		5E175E982BE244C400175B92 /* AudioViewModel.swift */ = {isa = PBXFileReference; lastKnownFileType = sourcecode.swift; path = AudioViewModel.swift; sourceTree = "<group>"; };
		5E175E9A2BE2481E00175B92 /* CharacterObjView.swift */ = {isa = PBXFileReference; lastKnownFileType = sourcecode.swift; path = CharacterObjView.swift; sourceTree = "<group>"; };
		5E175E9C2BE249BF00175B92 /* FallingItemsView.swift */ = {isa = PBXFileReference; lastKnownFileType = sourcecode.swift; path = FallingItemsView.swift; sourceTree = "<group>"; };
		5E175EA22BE256C800175B92 /* FallingItem.swift */ = {isa = PBXFileReference; lastKnownFileType = sourcecode.swift; path = FallingItem.swift; sourceTree = "<group>"; };
		5E20330B2BDE61E8006E1CA5 /* MelodyPaws.app */ = {isa = PBXFileReference; explicitFileType = wrapper.application; includeInIndex = 0; path = MelodyPaws.app; sourceTree = BUILT_PRODUCTS_DIR; };
		5E20330E2BDE61E8006E1CA5 /* MelodyPawsApp.swift */ = {isa = PBXFileReference; lastKnownFileType = sourcecode.swift; path = MelodyPawsApp.swift; sourceTree = "<group>"; };
		5E2033102BDE61E8006E1CA5 /* MainView.swift */ = {isa = PBXFileReference; lastKnownFileType = sourcecode.swift; path = MainView.swift; sourceTree = "<group>"; };
		5E2033122BDE61EB006E1CA5 /* Assets.xcassets */ = {isa = PBXFileReference; lastKnownFileType = folder.assetcatalog; path = Assets.xcassets; sourceTree = "<group>"; };
		5E2033152BDE61EB006E1CA5 /* Preview Assets.xcassets */ = {isa = PBXFileReference; lastKnownFileType = folder.assetcatalog; path = "Preview Assets.xcassets"; sourceTree = "<group>"; };
		5EC899B92BE38AEE00DB0EDA /* CharacterObj.swift */ = {isa = PBXFileReference; lastKnownFileType = sourcecode.swift; path = CharacterObj.swift; sourceTree = "<group>"; };
		5EF7FC292BE1780B00399757 /* GoogleService-Info.plist */ = {isa = PBXFileReference; fileEncoding = 4; lastKnownFileType = text.plist.xml; path = "GoogleService-Info.plist"; sourceTree = "<group>"; };
		5EF7FC2B2BE1786800399757 /* Extension.swift */ = {isa = PBXFileReference; lastKnownFileType = sourcecode.swift; path = Extension.swift; sourceTree = "<group>"; };
		5EF7FC4D2BE178DF00399757 /* MainViewModel.swift */ = {isa = PBXFileReference; lastKnownFileType = sourcecode.swift; path = MainViewModel.swift; sourceTree = "<group>"; };
		5EF7FC4F2BE178F200399757 /* LoginView.swift */ = {isa = PBXFileReference; lastKnownFileType = sourcecode.swift; path = LoginView.swift; sourceTree = "<group>"; };
		5EF7FC512BE1790E00399757 /* ProfileView.swift */ = {isa = PBXFileReference; lastKnownFileType = sourcecode.swift; path = ProfileView.swift; sourceTree = "<group>"; };
		5EF7FC532BE1793000399757 /* RegisterView.swift */ = {isa = PBXFileReference; lastKnownFileType = sourcecode.swift; path = RegisterView.swift; sourceTree = "<group>"; };
		5EF7FC552BE1796700399757 /* LoginViewModel.swift */ = {isa = PBXFileReference; lastKnownFileType = sourcecode.swift; path = LoginViewModel.swift; sourceTree = "<group>"; };
		5EF7FC572BE1797C00399757 /* RegisterViewModel.swift */ = {isa = PBXFileReference; lastKnownFileType = sourcecode.swift; path = RegisterViewModel.swift; sourceTree = "<group>"; };
		5EF7FC592BE1798700399757 /* ProfileViewModel.swift */ = {isa = PBXFileReference; lastKnownFileType = sourcecode.swift; path = ProfileViewModel.swift; sourceTree = "<group>"; };
		5EF7FC5B2BE179BE00399757 /* TLButton.swift */ = {isa = PBXFileReference; lastKnownFileType = sourcecode.swift; path = TLButton.swift; sourceTree = "<group>"; };
		5EF7FC5D2BE17AF200399757 /* User.swift */ = {isa = PBXFileReference; lastKnownFileType = sourcecode.swift; path = User.swift; sourceTree = "<group>"; };
		CD9FA3D62BE3BC2B006EDE5E /* Wardrobe.swift */ = {isa = PBXFileReference; lastKnownFileType = sourcecode.swift; path = Wardrobe.swift; sourceTree = "<group>"; };
		CDDBA0732BE24AC900C8DB75 /* changePasswordView.swift */ = {isa = PBXFileReference; lastKnownFileType = sourcecode.swift; path = changePasswordView.swift; sourceTree = "<group>"; };
		CDDBA0752BE24AE000C8DB75 /* changePasswordViewModel.swift */ = {isa = PBXFileReference; lastKnownFileType = sourcecode.swift; path = changePasswordViewModel.swift; sourceTree = "<group>"; };
		CDDBA07B2BE2CB6400C8DB75 /* settingsView.swift */ = {isa = PBXFileReference; lastKnownFileType = sourcecode.swift; path = settingsView.swift; sourceTree = "<group>"; };
/* End PBXFileReference section */

/* Begin PBXFrameworksBuildPhase section */
		5E2033082BDE61E8006E1CA5 /* Frameworks */ = {
			isa = PBXFrameworksBuildPhase;
			buildActionMask = 2147483647;
			files = (
				5EC899B62BE3898F00DB0EDA /* FirebaseFirestoreCombine-Community in Frameworks */,
				5EC899A12BE3881B00DB0EDA /* FirebaseAnalyticsSwift in Frameworks */,
				5EC8999D2BE3881B00DB0EDA /* FirebaseAnalytics in Frameworks */,
				5EC899A82BE3885C00DB0EDA /* FirebaseAnalytics in Frameworks */,
				5EC899AA2BE3885C00DB0EDA /* FirebaseAnalyticsOnDeviceConversion in Frameworks */,
				5EC899AC2BE3885C00DB0EDA /* FirebaseAnalyticsSwift in Frameworks */,
				5EC8999F2BE3881B00DB0EDA /* FirebaseAnalyticsOnDeviceConversion in Frameworks */,
				5EC899A52BE3881B00DB0EDA /* FirebaseAppCheck in Frameworks */,
				5EC899B22BE3896600DB0EDA /* FirebaseAuth in Frameworks */,
				5EC899AE2BE3885C00DB0EDA /* FirebaseAnalyticsWithoutAdIdSupport in Frameworks */,
				5EC899B02BE3885C00DB0EDA /* FirebaseAppCheck in Frameworks */,
				5EC899A32BE3881B00DB0EDA /* FirebaseAnalyticsWithoutAdIdSupport in Frameworks */,
				5EC899B42BE3898500DB0EDA /* FirebaseFirestoreSwift in Frameworks */,
				5EC899B82BE3899800DB0EDA /* FirebaseFirestore in Frameworks */,
			);
			runOnlyForDeploymentPostprocessing = 0;
		};
/* End PBXFrameworksBuildPhase section */

/* Begin PBXGroup section */
		5E175E862BE22E1600175B92 /* Static */ = {
			isa = PBXGroup;
			children = (
				5E175E872BE22E2400175B92 /* BGTrack */,
			);
			path = Static;
			sourceTree = "<group>";
		};
		5E175E872BE22E2400175B92 /* BGTrack */ = {
			isa = PBXGroup;
			children = (
				5E175E8B2BE2306900175B92 /* track1.mp3 */,
			);
			path = BGTrack;
			sourceTree = "<group>";
		};
		5E175E882BE22F7F00175B92 /* Managers */ = {
			isa = PBXGroup;
			children = (
				5E175E892BE22FA300175B92 /* AudioManager.swift */,
			);
			path = Managers;
			sourceTree = "<group>";
		};
		5E2033022BDE61E8006E1CA5 = {
			isa = PBXGroup;
			children = (
				5E20330D2BDE61E8006E1CA5 /* MelodyPaws */,
				5E20330C2BDE61E8006E1CA5 /* Products */,
				5EC899A62BE3884100DB0EDA /* Frameworks */,
			);
			sourceTree = "<group>";
		};
		5E20330C2BDE61E8006E1CA5 /* Products */ = {
			isa = PBXGroup;
			children = (
				5E20330B2BDE61E8006E1CA5 /* MelodyPaws.app */,
			);
			name = Products;
			sourceTree = "<group>";
		};
		5E20330D2BDE61E8006E1CA5 /* MelodyPaws */ = {
			isa = PBXGroup;
			children = (
				5E175E882BE22F7F00175B92 /* Managers */,
				5E175E862BE22E1600175B92 /* Static */,
				5EF7FC1D2BE1369900399757 /* Models */,
				5EF7FC1C2BE1367E00399757 /* ViewModels */,
				5EF7FC1B2BE1367400399757 /* Views */,
				5EF7FC1A2BE1366B00399757 /* Others */,
				5E2033142BDE61EB006E1CA5 /* Preview Content */,
			);
			path = MelodyPaws;
			sourceTree = "<group>";
		};
		5E2033142BDE61EB006E1CA5 /* Preview Content */ = {
			isa = PBXGroup;
			children = (
				5E2033152BDE61EB006E1CA5 /* Preview Assets.xcassets */,
			);
			path = "Preview Content";
			sourceTree = "<group>";
		};
		5EC899A62BE3884100DB0EDA /* Frameworks */ = {
			isa = PBXGroup;
			children = (
			);
			name = Frameworks;
			sourceTree = "<group>";
		};
		5EF7FC1A2BE1366B00399757 /* Others */ = {
			isa = PBXGroup;
			children = (
				5E2033122BDE61EB006E1CA5 /* Assets.xcassets */,
				5EF7FC292BE1780B00399757 /* GoogleService-Info.plist */,
				5E20330E2BDE61E8006E1CA5 /* MelodyPawsApp.swift */,
				5EF7FC2B2BE1786800399757 /* Extension.swift */,
			);
			path = Others;
			sourceTree = "<group>";
		};
		5EF7FC1B2BE1367400399757 /* Views */ = {
			isa = PBXGroup;
			children = (
				5E2033102BDE61E8006E1CA5 /* MainView.swift */,
				5EF7FC512BE1790E00399757 /* ProfileView.swift */,
				5EF7FC532BE1793000399757 /* RegisterView.swift */,
				5EF7FC4F2BE178F200399757 /* LoginView.swift */,
				5EF7FC5B2BE179BE00399757 /* TLButton.swift */,
				5E175E822BE22A5E00175B92 /* HomeView.swift */,
				CDDBA0732BE24AC900C8DB75 /* changePasswordView.swift */,
				CDDBA07B2BE2CB6400C8DB75 /* settingsView.swift */,
				5E175E8F2BE2397C00175B92 /* GameView.swift */,
				5E175E9A2BE2481E00175B92 /* CharacterObjView.swift */,
				5E175E9C2BE249BF00175B92 /* FallingItemsView.swift */,
				CD9FA3D62BE3BC2B006EDE5E /* Wardrobe.swift */,
			);
			path = Views;
			sourceTree = "<group>";
		};
		5EF7FC1C2BE1367E00399757 /* ViewModels */ = {
			isa = PBXGroup;
			children = (
				5EF7FC4D2BE178DF00399757 /* MainViewModel.swift */,
				5EF7FC552BE1796700399757 /* LoginViewModel.swift */,
				5EF7FC572BE1797C00399757 /* RegisterViewModel.swift */,
				5EF7FC592BE1798700399757 /* ProfileViewModel.swift */,
				5E175E842BE22A7200175B92 /* HomeViewModel.swift */,
				CDDBA0752BE24AE000C8DB75 /* changePasswordViewModel.swift */,
				5E175E912BE2398900175B92 /* GameViewModel.swift */,
				5E175E982BE244C400175B92 /* AudioViewModel.swift */,
			);
			path = ViewModels;
			sourceTree = "<group>";
		};
		5EF7FC1D2BE1369900399757 /* Models */ = {
			isa = PBXGroup;
			children = (
				5EF7FC5D2BE17AF200399757 /* User.swift */,
				5E175EA22BE256C800175B92 /* FallingItem.swift */,
				5EC899B92BE38AEE00DB0EDA /* CharacterObj.swift */,
			);
			path = Models;
			sourceTree = "<group>";
		};
/* End PBXGroup section */

/* Begin PBXNativeTarget section */
		5E20330A2BDE61E8006E1CA5 /* MelodyPaws */ = {
			isa = PBXNativeTarget;
			buildConfigurationList = 5E2033192BDE61EB006E1CA5 /* Build configuration list for PBXNativeTarget "MelodyPaws" */;
			buildPhases = (
				5E2033072BDE61E8006E1CA5 /* Sources */,
				5E2033082BDE61E8006E1CA5 /* Frameworks */,
				5E2033092BDE61E8006E1CA5 /* Resources */,
			);
			buildRules = (
			);
			dependencies = (
			);
			name = MelodyPaws;
			packageProductDependencies = (
				5EC8999C2BE3881B00DB0EDA /* FirebaseAnalytics */,
				5EC8999E2BE3881B00DB0EDA /* FirebaseAnalyticsOnDeviceConversion */,
				5EC899A02BE3881B00DB0EDA /* FirebaseAnalyticsSwift */,
				5EC899A22BE3881B00DB0EDA /* FirebaseAnalyticsWithoutAdIdSupport */,
				5EC899A42BE3881B00DB0EDA /* FirebaseAppCheck */,
				5EC899A72BE3885C00DB0EDA /* FirebaseAnalytics */,
				5EC899A92BE3885C00DB0EDA /* FirebaseAnalyticsOnDeviceConversion */,
				5EC899AB2BE3885C00DB0EDA /* FirebaseAnalyticsSwift */,
				5EC899AD2BE3885C00DB0EDA /* FirebaseAnalyticsWithoutAdIdSupport */,
				5EC899AF2BE3885C00DB0EDA /* FirebaseAppCheck */,
				5EC899B12BE3896600DB0EDA /* FirebaseAuth */,
				5EC899B32BE3898500DB0EDA /* FirebaseFirestoreSwift */,
				5EC899B52BE3898F00DB0EDA /* FirebaseFirestoreCombine-Community */,
				5EC899B72BE3899800DB0EDA /* FirebaseFirestore */,
			);
			productName = MelodyPaws;
			productReference = 5E20330B2BDE61E8006E1CA5 /* MelodyPaws.app */;
			productType = "com.apple.product-type.application";
		};
/* End PBXNativeTarget section */

/* Begin PBXProject section */
		5E2033032BDE61E8006E1CA5 /* Project object */ = {
			isa = PBXProject;
			attributes = {
				BuildIndependentTargetsInParallel = 1;
				LastSwiftUpdateCheck = 1520;
				LastUpgradeCheck = 1520;
				TargetAttributes = {
					5E20330A2BDE61E8006E1CA5 = {
						CreatedOnToolsVersion = 15.2;
					};
				};
			};
			buildConfigurationList = 5E2033062BDE61E8006E1CA5 /* Build configuration list for PBXProject "MelodyPaws" */;
			compatibilityVersion = "Xcode 14.0";
			developmentRegion = en;
			hasScannedForEncodings = 0;
			knownRegions = (
				en,
				Base,
			);
			mainGroup = 5E2033022BDE61E8006E1CA5;
			packageReferences = (
				5EC8999B2BE3881B00DB0EDA /* XCRemoteSwiftPackageReference "firebase-ios-sdk" */,
			);
			productRefGroup = 5E20330C2BDE61E8006E1CA5 /* Products */;
			projectDirPath = "";
			projectRoot = "";
			targets = (
				5E20330A2BDE61E8006E1CA5 /* MelodyPaws */,
			);
		};
/* End PBXProject section */

/* Begin PBXResourcesBuildPhase section */
		5E2033092BDE61E8006E1CA5 /* Resources */ = {
			isa = PBXResourcesBuildPhase;
			buildActionMask = 2147483647;
			files = (
				5E2033162BDE61EB006E1CA5 /* Preview Assets.xcassets in Resources */,
				5EF7FC2A2BE1780B00399757 /* GoogleService-Info.plist in Resources */,
				5E175E8C2BE2306900175B92 /* track1.mp3 in Resources */,
				5E2033132BDE61EB006E1CA5 /* Assets.xcassets in Resources */,
			);
			runOnlyForDeploymentPostprocessing = 0;
		};
/* End PBXResourcesBuildPhase section */

/* Begin PBXSourcesBuildPhase section */
		5E2033072BDE61E8006E1CA5 /* Sources */ = {
			isa = PBXSourcesBuildPhase;
			buildActionMask = 2147483647;
			files = (
				5E175E992BE244C400175B92 /* AudioViewModel.swift in Sources */,
				5E175E922BE2398900175B92 /* GameViewModel.swift in Sources */,
				5EF7FC2C2BE1786800399757 /* Extension.swift in Sources */,
				5E2033112BDE61E8006E1CA5 /* MainView.swift in Sources */,
				CD9FA3D72BE3BC2B006EDE5E /* Wardrobe.swift in Sources */,
				5E175E832BE22A5E00175B92 /* HomeView.swift in Sources */,
				5E175E8A2BE22FA300175B92 /* AudioManager.swift in Sources */,
				5E20330F2BDE61E8006E1CA5 /* MelodyPawsApp.swift in Sources */,
				5E175E902BE2397C00175B92 /* GameView.swift in Sources */,
				5E175EA32BE256C800175B92 /* FallingItem.swift in Sources */,
				5EF7FC542BE1793000399757 /* RegisterView.swift in Sources */,
				5E175E9D2BE249BF00175B92 /* FallingItemsView.swift in Sources */,
				5EF7FC5A2BE1798700399757 /* ProfileViewModel.swift in Sources */,
				5EC899BA2BE38AEE00DB0EDA /* CharacterObj.swift in Sources */,
				CDDBA0742BE24AC900C8DB75 /* changePasswordView.swift in Sources */,
				5E175E9B2BE2481E00175B92 /* CharacterObjView.swift in Sources */,
				5EF7FC5C2BE179BE00399757 /* TLButton.swift in Sources */,
				CDDBA07C2BE2CB6400C8DB75 /* settingsView.swift in Sources */,
				5EF7FC562BE1796700399757 /* LoginViewModel.swift in Sources */,
				5EF7FC502BE178F200399757 /* LoginView.swift in Sources */,
				5E175E852BE22A7200175B92 /* HomeViewModel.swift in Sources */,
				CDDBA0762BE24AE000C8DB75 /* changePasswordViewModel.swift in Sources */,
				5EF7FC5E2BE17AF200399757 /* User.swift in Sources */,
				5EF7FC522BE1790E00399757 /* ProfileView.swift in Sources */,
				5EF7FC582BE1797C00399757 /* RegisterViewModel.swift in Sources */,
				5EF7FC4E2BE178E000399757 /* MainViewModel.swift in Sources */,
			);
			runOnlyForDeploymentPostprocessing = 0;
		};
/* End PBXSourcesBuildPhase section */

/* Begin XCBuildConfiguration section */
		5E2033172BDE61EB006E1CA5 /* Debug */ = {
			isa = XCBuildConfiguration;
			buildSettings = {
				ALWAYS_SEARCH_USER_PATHS = NO;
				ASSETCATALOG_COMPILER_GENERATE_SWIFT_ASSET_SYMBOL_EXTENSIONS = YES;
				CLANG_ANALYZER_NONNULL = YES;
				CLANG_ANALYZER_NUMBER_OBJECT_CONVERSION = YES_AGGRESSIVE;
				CLANG_CXX_LANGUAGE_STANDARD = "gnu++20";
				CLANG_ENABLE_MODULES = YES;
				CLANG_ENABLE_OBJC_ARC = YES;
				CLANG_ENABLE_OBJC_WEAK = YES;
				CLANG_WARN_BLOCK_CAPTURE_AUTORELEASING = YES;
				CLANG_WARN_BOOL_CONVERSION = YES;
				CLANG_WARN_COMMA = YES;
				CLANG_WARN_CONSTANT_CONVERSION = YES;
				CLANG_WARN_DEPRECATED_OBJC_IMPLEMENTATIONS = YES;
				CLANG_WARN_DIRECT_OBJC_ISA_USAGE = YES_ERROR;
				CLANG_WARN_DOCUMENTATION_COMMENTS = YES;
				CLANG_WARN_EMPTY_BODY = YES;
				CLANG_WARN_ENUM_CONVERSION = YES;
				CLANG_WARN_INFINITE_RECURSION = YES;
				CLANG_WARN_INT_CONVERSION = YES;
				CLANG_WARN_NON_LITERAL_NULL_CONVERSION = YES;
				CLANG_WARN_OBJC_IMPLICIT_RETAIN_SELF = YES;
				CLANG_WARN_OBJC_LITERAL_CONVERSION = YES;
				CLANG_WARN_OBJC_ROOT_CLASS = YES_ERROR;
				CLANG_WARN_QUOTED_INCLUDE_IN_FRAMEWORK_HEADER = YES;
				CLANG_WARN_RANGE_LOOP_ANALYSIS = YES;
				CLANG_WARN_STRICT_PROTOTYPES = YES;
				CLANG_WARN_SUSPICIOUS_MOVE = YES;
				CLANG_WARN_UNGUARDED_AVAILABILITY = YES_AGGRESSIVE;
				CLANG_WARN_UNREACHABLE_CODE = YES;
				CLANG_WARN__DUPLICATE_METHOD_MATCH = YES;
				COPY_PHASE_STRIP = NO;
				DEBUG_INFORMATION_FORMAT = dwarf;
				ENABLE_STRICT_OBJC_MSGSEND = YES;
				ENABLE_TESTABILITY = YES;
				ENABLE_USER_SCRIPT_SANDBOXING = YES;
				GCC_C_LANGUAGE_STANDARD = gnu17;
				GCC_DYNAMIC_NO_PIC = NO;
				GCC_NO_COMMON_BLOCKS = YES;
				GCC_OPTIMIZATION_LEVEL = 0;
				GCC_PREPROCESSOR_DEFINITIONS = (
					"DEBUG=1",
					"$(inherited)",
				);
				GCC_WARN_64_TO_32_BIT_CONVERSION = YES;
				GCC_WARN_ABOUT_RETURN_TYPE = YES_ERROR;
				GCC_WARN_UNDECLARED_SELECTOR = YES;
				GCC_WARN_UNINITIALIZED_AUTOS = YES_AGGRESSIVE;
				GCC_WARN_UNUSED_FUNCTION = YES;
				GCC_WARN_UNUSED_VARIABLE = YES;
				IPHONEOS_DEPLOYMENT_TARGET = 17.2;
				LOCALIZATION_PREFERS_STRING_CATALOGS = YES;
				MTL_ENABLE_DEBUG_INFO = INCLUDE_SOURCE;
				MTL_FAST_MATH = YES;
				ONLY_ACTIVE_ARCH = YES;
				SDKROOT = iphoneos;
				SWIFT_ACTIVE_COMPILATION_CONDITIONS = "DEBUG $(inherited)";
				SWIFT_OPTIMIZATION_LEVEL = "-Onone";
			};
			name = Debug;
		};
		5E2033182BDE61EB006E1CA5 /* Release */ = {
			isa = XCBuildConfiguration;
			buildSettings = {
				ALWAYS_SEARCH_USER_PATHS = NO;
				ASSETCATALOG_COMPILER_GENERATE_SWIFT_ASSET_SYMBOL_EXTENSIONS = YES;
				CLANG_ANALYZER_NONNULL = YES;
				CLANG_ANALYZER_NUMBER_OBJECT_CONVERSION = YES_AGGRESSIVE;
				CLANG_CXX_LANGUAGE_STANDARD = "gnu++20";
				CLANG_ENABLE_MODULES = YES;
				CLANG_ENABLE_OBJC_ARC = YES;
				CLANG_ENABLE_OBJC_WEAK = YES;
				CLANG_WARN_BLOCK_CAPTURE_AUTORELEASING = YES;
				CLANG_WARN_BOOL_CONVERSION = YES;
				CLANG_WARN_COMMA = YES;
				CLANG_WARN_CONSTANT_CONVERSION = YES;
				CLANG_WARN_DEPRECATED_OBJC_IMPLEMENTATIONS = YES;
				CLANG_WARN_DIRECT_OBJC_ISA_USAGE = YES_ERROR;
				CLANG_WARN_DOCUMENTATION_COMMENTS = YES;
				CLANG_WARN_EMPTY_BODY = YES;
				CLANG_WARN_ENUM_CONVERSION = YES;
				CLANG_WARN_INFINITE_RECURSION = YES;
				CLANG_WARN_INT_CONVERSION = YES;
				CLANG_WARN_NON_LITERAL_NULL_CONVERSION = YES;
				CLANG_WARN_OBJC_IMPLICIT_RETAIN_SELF = YES;
				CLANG_WARN_OBJC_LITERAL_CONVERSION = YES;
				CLANG_WARN_OBJC_ROOT_CLASS = YES_ERROR;
				CLANG_WARN_QUOTED_INCLUDE_IN_FRAMEWORK_HEADER = YES;
				CLANG_WARN_RANGE_LOOP_ANALYSIS = YES;
				CLANG_WARN_STRICT_PROTOTYPES = YES;
				CLANG_WARN_SUSPICIOUS_MOVE = YES;
				CLANG_WARN_UNGUARDED_AVAILABILITY = YES_AGGRESSIVE;
				CLANG_WARN_UNREACHABLE_CODE = YES;
				CLANG_WARN__DUPLICATE_METHOD_MATCH = YES;
				COPY_PHASE_STRIP = NO;
				DEBUG_INFORMATION_FORMAT = "dwarf-with-dsym";
				ENABLE_NS_ASSERTIONS = NO;
				ENABLE_STRICT_OBJC_MSGSEND = YES;
				ENABLE_USER_SCRIPT_SANDBOXING = YES;
				GCC_C_LANGUAGE_STANDARD = gnu17;
				GCC_NO_COMMON_BLOCKS = YES;
				GCC_WARN_64_TO_32_BIT_CONVERSION = YES;
				GCC_WARN_ABOUT_RETURN_TYPE = YES_ERROR;
				GCC_WARN_UNDECLARED_SELECTOR = YES;
				GCC_WARN_UNINITIALIZED_AUTOS = YES_AGGRESSIVE;
				GCC_WARN_UNUSED_FUNCTION = YES;
				GCC_WARN_UNUSED_VARIABLE = YES;
				IPHONEOS_DEPLOYMENT_TARGET = 17.2;
				LOCALIZATION_PREFERS_STRING_CATALOGS = YES;
				MTL_ENABLE_DEBUG_INFO = NO;
				MTL_FAST_MATH = YES;
				SDKROOT = iphoneos;
				SWIFT_COMPILATION_MODE = wholemodule;
				VALIDATE_PRODUCT = YES;
			};
			name = Release;
		};
		5E20331A2BDE61EB006E1CA5 /* Debug */ = {
			isa = XCBuildConfiguration;
			buildSettings = {
				ASSETCATALOG_COMPILER_APPICON_NAME = AppIcon;
				ASSETCATALOG_COMPILER_GLOBAL_ACCENT_COLOR_NAME = AccentColor;
				CODE_SIGN_STYLE = Automatic;
				CURRENT_PROJECT_VERSION = 1;
				DEVELOPMENT_ASSET_PATHS = "\"MelodyPaws/Preview Content\"";
				DEVELOPMENT_TEAM = 98AY4BJRW2;
				ENABLE_PREVIEWS = YES;
				GENERATE_INFOPLIST_FILE = YES;
				INFOPLIST_KEY_UIApplicationSceneManifest_Generation = YES;
				INFOPLIST_KEY_UIApplicationSupportsIndirectInputEvents = YES;
				INFOPLIST_KEY_UILaunchScreen_Generation = YES;
				INFOPLIST_KEY_UISupportedInterfaceOrientations_iPad = "UIInterfaceOrientationPortrait UIInterfaceOrientationPortraitUpsideDown UIInterfaceOrientationLandscapeLeft UIInterfaceOrientationLandscapeRight";
				INFOPLIST_KEY_UISupportedInterfaceOrientations_iPhone = "UIInterfaceOrientationPortrait UIInterfaceOrientationLandscapeLeft UIInterfaceOrientationLandscapeRight";
				LD_RUNPATH_SEARCH_PATHS = (
					"$(inherited)",
					"@executable_path/Frameworks",
				);
				MARKETING_VERSION = 1.0;
				PRODUCT_BUNDLE_IDENTIFIER = cn436.tu.melodypaws.MelodyPaws;
				PRODUCT_NAME = "$(TARGET_NAME)";
				SWIFT_EMIT_LOC_STRINGS = YES;
				SWIFT_VERSION = 5.0;
				TARGETED_DEVICE_FAMILY = "1,2";
			};
			name = Debug;
		};
		5E20331B2BDE61EB006E1CA5 /* Release */ = {
			isa = XCBuildConfiguration;
			buildSettings = {
				ASSETCATALOG_COMPILER_APPICON_NAME = AppIcon;
				ASSETCATALOG_COMPILER_GLOBAL_ACCENT_COLOR_NAME = AccentColor;
				CODE_SIGN_STYLE = Automatic;
				CURRENT_PROJECT_VERSION = 1;
				DEVELOPMENT_ASSET_PATHS = "\"MelodyPaws/Preview Content\"";
				DEVELOPMENT_TEAM = 98AY4BJRW2;
				ENABLE_PREVIEWS = YES;
				GENERATE_INFOPLIST_FILE = YES;
				INFOPLIST_KEY_UIApplicationSceneManifest_Generation = YES;
				INFOPLIST_KEY_UIApplicationSupportsIndirectInputEvents = YES;
				INFOPLIST_KEY_UILaunchScreen_Generation = YES;
				INFOPLIST_KEY_UISupportedInterfaceOrientations_iPad = "UIInterfaceOrientationPortrait UIInterfaceOrientationPortraitUpsideDown UIInterfaceOrientationLandscapeLeft UIInterfaceOrientationLandscapeRight";
				INFOPLIST_KEY_UISupportedInterfaceOrientations_iPhone = "UIInterfaceOrientationPortrait UIInterfaceOrientationLandscapeLeft UIInterfaceOrientationLandscapeRight";
				LD_RUNPATH_SEARCH_PATHS = (
					"$(inherited)",
					"@executable_path/Frameworks",
				);
				MARKETING_VERSION = 1.0;
				PRODUCT_BUNDLE_IDENTIFIER = cn436.tu.melodypaws.MelodyPaws;
				PRODUCT_NAME = "$(TARGET_NAME)";
				SWIFT_EMIT_LOC_STRINGS = YES;
				SWIFT_VERSION = 5.0;
				TARGETED_DEVICE_FAMILY = "1,2";
			};
			name = Release;
		};
/* End XCBuildConfiguration section */

/* Begin XCConfigurationList section */
		5E2033062BDE61E8006E1CA5 /* Build configuration list for PBXProject "MelodyPaws" */ = {
			isa = XCConfigurationList;
			buildConfigurations = (
				5E2033172BDE61EB006E1CA5 /* Debug */,
				5E2033182BDE61EB006E1CA5 /* Release */,
			);
			defaultConfigurationIsVisible = 0;
			defaultConfigurationName = Release;
		};
		5E2033192BDE61EB006E1CA5 /* Build configuration list for PBXNativeTarget "MelodyPaws" */ = {
			isa = XCConfigurationList;
			buildConfigurations = (
				5E20331A2BDE61EB006E1CA5 /* Debug */,
				5E20331B2BDE61EB006E1CA5 /* Release */,
			);
			defaultConfigurationIsVisible = 0;
			defaultConfigurationName = Release;
		};
/* End XCConfigurationList section */

/* Begin XCRemoteSwiftPackageReference section */
		5EC8999B2BE3881B00DB0EDA /* XCRemoteSwiftPackageReference "firebase-ios-sdk" */ = {
			isa = XCRemoteSwiftPackageReference;
			repositoryURL = "https://github.com/firebase/firebase-ios-sdk";
			requirement = {
				kind = upToNextMajorVersion;
				minimumVersion = 10.25.0;
			};
		};
/* End XCRemoteSwiftPackageReference section */

/* Begin XCSwiftPackageProductDependency section */
		5EC8999C2BE3881B00DB0EDA /* FirebaseAnalytics */ = {
			isa = XCSwiftPackageProductDependency;
			package = 5EC8999B2BE3881B00DB0EDA /* XCRemoteSwiftPackageReference "firebase-ios-sdk" */;
			productName = FirebaseAnalytics;
		};
		5EC8999E2BE3881B00DB0EDA /* FirebaseAnalyticsOnDeviceConversion */ = {
			isa = XCSwiftPackageProductDependency;
			package = 5EC8999B2BE3881B00DB0EDA /* XCRemoteSwiftPackageReference "firebase-ios-sdk" */;
			productName = FirebaseAnalyticsOnDeviceConversion;
		};
		5EC899A02BE3881B00DB0EDA /* FirebaseAnalyticsSwift */ = {
			isa = XCSwiftPackageProductDependency;
			package = 5EC8999B2BE3881B00DB0EDA /* XCRemoteSwiftPackageReference "firebase-ios-sdk" */;
			productName = FirebaseAnalyticsSwift;
		};
		5EC899A22BE3881B00DB0EDA /* FirebaseAnalyticsWithoutAdIdSupport */ = {
			isa = XCSwiftPackageProductDependency;
			package = 5EC8999B2BE3881B00DB0EDA /* XCRemoteSwiftPackageReference "firebase-ios-sdk" */;
			productName = FirebaseAnalyticsWithoutAdIdSupport;
		};
		5EC899A42BE3881B00DB0EDA /* FirebaseAppCheck */ = {
			isa = XCSwiftPackageProductDependency;
			package = 5EC8999B2BE3881B00DB0EDA /* XCRemoteSwiftPackageReference "firebase-ios-sdk" */;
			productName = FirebaseAppCheck;
		};
		5EC899A72BE3885C00DB0EDA /* FirebaseAnalytics */ = {
			isa = XCSwiftPackageProductDependency;
			package = 5EC8999B2BE3881B00DB0EDA /* XCRemoteSwiftPackageReference "firebase-ios-sdk" */;
			productName = FirebaseAnalytics;
		};
		5EC899A92BE3885C00DB0EDA /* FirebaseAnalyticsOnDeviceConversion */ = {
			isa = XCSwiftPackageProductDependency;
			package = 5EC8999B2BE3881B00DB0EDA /* XCRemoteSwiftPackageReference "firebase-ios-sdk" */;
			productName = FirebaseAnalyticsOnDeviceConversion;
		};
		5EC899AB2BE3885C00DB0EDA /* FirebaseAnalyticsSwift */ = {
			isa = XCSwiftPackageProductDependency;
			package = 5EC8999B2BE3881B00DB0EDA /* XCRemoteSwiftPackageReference "firebase-ios-sdk" */;
			productName = FirebaseAnalyticsSwift;
		};
		5EC899AD2BE3885C00DB0EDA /* FirebaseAnalyticsWithoutAdIdSupport */ = {
			isa = XCSwiftPackageProductDependency;
			package = 5EC8999B2BE3881B00DB0EDA /* XCRemoteSwiftPackageReference "firebase-ios-sdk" */;
			productName = FirebaseAnalyticsWithoutAdIdSupport;
		};
		5EC899AF2BE3885C00DB0EDA /* FirebaseAppCheck */ = {
			isa = XCSwiftPackageProductDependency;
			package = 5EC8999B2BE3881B00DB0EDA /* XCRemoteSwiftPackageReference "firebase-ios-sdk" */;
			productName = FirebaseAppCheck;
		};
		5EC899B12BE3896600DB0EDA /* FirebaseAuth */ = {
			isa = XCSwiftPackageProductDependency;
			package = 5EC8999B2BE3881B00DB0EDA /* XCRemoteSwiftPackageReference "firebase-ios-sdk" */;
			productName = FirebaseAuth;
		};
		5EC899B32BE3898500DB0EDA /* FirebaseFirestoreSwift */ = {
			isa = XCSwiftPackageProductDependency;
			package = 5EC8999B2BE3881B00DB0EDA /* XCRemoteSwiftPackageReference "firebase-ios-sdk" */;
			productName = FirebaseFirestoreSwift;
		};
		5EC899B52BE3898F00DB0EDA /* FirebaseFirestoreCombine-Community */ = {
			isa = XCSwiftPackageProductDependency;
			package = 5EC8999B2BE3881B00DB0EDA /* XCRemoteSwiftPackageReference "firebase-ios-sdk" */;
			productName = "FirebaseFirestoreCombine-Community";
		};
		5EC899B72BE3899800DB0EDA /* FirebaseFirestore */ = {
			isa = XCSwiftPackageProductDependency;
			package = 5EC8999B2BE3881B00DB0EDA /* XCRemoteSwiftPackageReference "firebase-ios-sdk" */;
			productName = FirebaseFirestore;
		};
/* End XCSwiftPackageProductDependency section */
	};
	rootObject = 5E2033032BDE61E8006E1CA5 /* Project object */;
}
